
Microsoft Visual Studio Solution File, Format Version 12.00
# Visual Studio Version 17
VisualStudioVersion = 17.8.34330.188
MinimumVisualStudioVersion = 10.0.40219.1
Project("{8BC9CEB8-8B4A-11D0-8D11-00A0C91BC942}") = "Project1", "Project1.vcxproj", "{4252A1CC-CFB3-4522-B419-4806A484E383}"
EndProject
Global
	GlobalSection(SolutionConfigurationPlatforms) = preSolution
		Debug|x64 = Debug|x64
		Debug|x86 = Debug|x86
		Release|x64 = Release|x64
		Release|x86 = Release|x86
	EndGlobalSection
	GlobalSection(ProjectConfigurationPlatforms) = postSolution
		{4252A1CC-CFB3-4522-B419-4806A484E383}.Debug|x64.ActiveCfg = Debug|x64
		{4252A1CC-CFB3-4522-B419-4806A484E383}.Debug|x64.Build.0 = Debug|x64
		{4252A1CC-CFB3-4522-B419-4806A484E383}.Debug|x86.ActiveCfg = Debug|Win32
		{4252A1CC-CFB3-4522-B419-4806A484E383}.Debug|x86.Build.0 = Debug|Win32
		{4252A1CC-CFB3-4522-B419-4806A484E383}.Release|x64.ActiveCfg = Release|x64
		{4252A1CC-CFB3-4522-B419-4806A484E383}.Release|x64.Build.0 = Release|x64
		{4252A1CC-CFB3-4522-B419-4806A484E383}.Release|x86.ActiveCfg = Release|Win32
		{4252A1CC-CFB3-4522-B419-4806A484E383}.Release|x86.Build.0 = Release|Win32
	EndGlobalSection
	GlobalSection(SolutionProperties) = preSolution
		HideSolutionNode = FALSE
	EndGlobalSection
	GlobalSection(ExtensibilityGlobals) = postSolution
		SolutionGuid = {CD3091A2-9749-42BE-9A5E-26788CE88ED9}
	EndGlobalSection
EndGlobal
